// !$*UTF8*$!
{
	archiveVersion = 1;
	classes = {
	};
	objectVersion = 55;
	objects = {

/* Begin PBXBuildFile section */
		2413356790EE0C4285A5A00F /* Pods_GithubDemo.framework in Frameworks */ = {isa = PBXBuildFile; fileRef = 6CF8507CE08DC2C8BA8319CE /* Pods_GithubDemo.framework */; };
		B3071E9C1B5C70F73312B1A9 /* Pods_GithubDemoTests.framework in Frameworks */ = {isa = PBXBuildFile; fileRef = 637D2806A6CD723170E84DB2 /* Pods_GithubDemoTests.framework */; };
		C96E7AAB2CFED22BEF9D1E82 /* Pods_GithubDemo_GithubDemoUITests.framework in Frameworks */ = {isa = PBXBuildFile; fileRef = 0CC9F6D8AA76F90EFCEA3709 /* Pods_GithubDemo_GithubDemoUITests.framework */; };
		D635506A29110BE300C1A2FB /* AppDelegate.swift in Sources */ = {isa = PBXBuildFile; fileRef = D635506929110BE300C1A2FB /* AppDelegate.swift */; };
		D635506C29110BE300C1A2FB /* SceneDelegate.swift in Sources */ = {isa = PBXBuildFile; fileRef = D635506B29110BE300C1A2FB /* SceneDelegate.swift */; };
		D635506E29110BE300C1A2FB /* ViewController.swift in Sources */ = {isa = PBXBuildFile; fileRef = D635506D29110BE300C1A2FB /* ViewController.swift */; };
		D635507129110BE300C1A2FB /* Main.storyboard in Resources */ = {isa = PBXBuildFile; fileRef = D635506F29110BE300C1A2FB /* Main.storyboard */; };
		D635507329110BE400C1A2FB /* Assets.xcassets in Resources */ = {isa = PBXBuildFile; fileRef = D635507229110BE400C1A2FB /* Assets.xcassets */; };
		D635507629110BE400C1A2FB /* LaunchScreen.storyboard in Resources */ = {isa = PBXBuildFile; fileRef = D635507429110BE400C1A2FB /* LaunchScreen.storyboard */; };
		D635508129110BE400C1A2FB /* GithubDemoTests.swift in Sources */ = {isa = PBXBuildFile; fileRef = D635508029110BE400C1A2FB /* GithubDemoTests.swift */; };
		D635508B29110BE400C1A2FB /* GithubDemoUITests.swift in Sources */ = {isa = PBXBuildFile; fileRef = D635508A29110BE400C1A2FB /* GithubDemoUITests.swift */; };
		D635508D29110BE400C1A2FB /* GithubDemoUITestsLaunchTests.swift in Sources */ = {isa = PBXBuildFile; fileRef = D635508C29110BE400C1A2FB /* GithubDemoUITestsLaunchTests.swift */; };
/* End PBXBuildFile section */

/* Begin PBXContainerItemProxy section */
		D635507D29110BE400C1A2FB /* PBXContainerItemProxy */ = {
			isa = PBXContainerItemProxy;
			containerPortal = D635505E29110BE200C1A2FB /* Project object */;
			proxyType = 1;
			remoteGlobalIDString = D635506529110BE300C1A2FB;
			remoteInfo = GithubDemo;
		};
		D635508729110BE400C1A2FB /* PBXContainerItemProxy */ = {
			isa = PBXContainerItemProxy;
			containerPortal = D635505E29110BE200C1A2FB /* Project object */;
			proxyType = 1;
			remoteGlobalIDString = D635506529110BE300C1A2FB;
			remoteInfo = GithubDemo;
		};
/* End PBXContainerItemProxy section */

/* Begin PBXFileReference section */
		04AD4EEB86CB9F975A7E6BD7 /* Pods-GithubDemo-GithubDemoUITests.release.xcconfig */ = {isa = PBXFileReference; includeInIndex = 1; lastKnownFileType = text.xcconfig; name = "Pods-GithubDemo-GithubDemoUITests.release.xcconfig"; path = "Target Support Files/Pods-GithubDemo-GithubDemoUITests/Pods-GithubDemo-GithubDemoUITests.release.xcconfig"; sourceTree = "<group>"; };
		0CC9F6D8AA76F90EFCEA3709 /* Pods_GithubDemo_GithubDemoUITests.framework */ = {isa = PBXFileReference; explicitFileType = wrapper.framework; includeInIndex = 0; path = Pods_GithubDemo_GithubDemoUITests.framework; sourceTree = BUILT_PRODUCTS_DIR; };
		454AFB473670F189AC293CC6 /* Pods-GithubDemo.release.xcconfig */ = {isa = PBXFileReference; includeInIndex = 1; lastKnownFileType = text.xcconfig; name = "Pods-GithubDemo.release.xcconfig"; path = "Target Support Files/Pods-GithubDemo/Pods-GithubDemo.release.xcconfig"; sourceTree = "<group>"; };
		637D2806A6CD723170E84DB2 /* Pods_GithubDemoTests.framework */ = {isa = PBXFileReference; explicitFileType = wrapper.framework; includeInIndex = 0; path = Pods_GithubDemoTests.framework; sourceTree = BUILT_PRODUCTS_DIR; };
		680737D0FAC79744E2162995 /* Pods-GithubDemo.debug.xcconfig */ = {isa = PBXFileReference; includeInIndex = 1; lastKnownFileType = text.xcconfig; name = "Pods-GithubDemo.debug.xcconfig"; path = "Target Support Files/Pods-GithubDemo/Pods-GithubDemo.debug.xcconfig"; sourceTree = "<group>"; };
		6CF8507CE08DC2C8BA8319CE /* Pods_GithubDemo.framework */ = {isa = PBXFileReference; explicitFileType = wrapper.framework; includeInIndex = 0; path = Pods_GithubDemo.framework; sourceTree = BUILT_PRODUCTS_DIR; };
		99B3E01FF3143D664D7E8D81 /* Pods-GithubDemo-GithubDemoUITests.debug.xcconfig */ = {isa = PBXFileReference; includeInIndex = 1; lastKnownFileType = text.xcconfig; name = "Pods-GithubDemo-GithubDemoUITests.debug.xcconfig"; path = "Target Support Files/Pods-GithubDemo-GithubDemoUITests/Pods-GithubDemo-GithubDemoUITests.debug.xcconfig"; sourceTree = "<group>"; };
		C0A9C973758585456CE5CC37 /* Pods-GithubDemoTests.release.xcconfig */ = {isa = PBXFileReference; includeInIndex = 1; lastKnownFileType = text.xcconfig; name = "Pods-GithubDemoTests.release.xcconfig"; path = "Target Support Files/Pods-GithubDemoTests/Pods-GithubDemoTests.release.xcconfig"; sourceTree = "<group>"; };
		D635506629110BE300C1A2FB /* GithubDemo.app */ = {isa = PBXFileReference; explicitFileType = wrapper.application; includeInIndex = 0; path = GithubDemo.app; sourceTree = BUILT_PRODUCTS_DIR; };
		D635506929110BE300C1A2FB /* AppDelegate.swift */ = {isa = PBXFileReference; lastKnownFileType = sourcecode.swift; path = AppDelegate.swift; sourceTree = "<group>"; };
		D635506B29110BE300C1A2FB /* SceneDelegate.swift */ = {isa = PBXFileReference; lastKnownFileType = sourcecode.swift; path = SceneDelegate.swift; sourceTree = "<group>"; };
		D635506D29110BE300C1A2FB /* ViewController.swift */ = {isa = PBXFileReference; lastKnownFileType = sourcecode.swift; path = ViewController.swift; sourceTree = "<group>"; };
		D635507029110BE300C1A2FB /* Base */ = {isa = PBXFileReference; lastKnownFileType = file.storyboard; name = Base; path = Base.lproj/Main.storyboard; sourceTree = "<group>"; };
		D635507229110BE400C1A2FB /* Assets.xcassets */ = {isa = PBXFileReference; lastKnownFileType = folder.assetcatalog; path = Assets.xcassets; sourceTree = "<group>"; };
		D635507529110BE400C1A2FB /* Base */ = {isa = PBXFileReference; lastKnownFileType = file.storyboard; name = Base; path = Base.lproj/LaunchScreen.storyboard; sourceTree = "<group>"; };
		D635507729110BE400C1A2FB /* Info.plist */ = {isa = PBXFileReference; lastKnownFileType = text.plist.xml; path = Info.plist; sourceTree = "<group>"; };
		D635507C29110BE400C1A2FB /* GithubDemoTests.xctest */ = {isa = PBXFileReference; explicitFileType = wrapper.cfbundle; includeInIndex = 0; path = GithubDemoTests.xctest; sourceTree = BUILT_PRODUCTS_DIR; };
		D635508029110BE400C1A2FB /* GithubDemoTests.swift */ = {isa = PBXFileReference; lastKnownFileType = sourcecode.swift; path = GithubDemoTests.swift; sourceTree = "<group>"; };
		D635508629110BE400C1A2FB /* GithubDemoUITests.xctest */ = {isa = PBXFileReference; explicitFileType = wrapper.cfbundle; includeInIndex = 0; path = GithubDemoUITests.xctest; sourceTree = BUILT_PRODUCTS_DIR; };
		D635508A29110BE400C1A2FB /* GithubDemoUITests.swift */ = {isa = PBXFileReference; lastKnownFileType = sourcecode.swift; path = GithubDemoUITests.swift; sourceTree = "<group>"; };
		D635508C29110BE400C1A2FB /* GithubDemoUITestsLaunchTests.swift */ = {isa = PBXFileReference; lastKnownFileType = sourcecode.swift; path = GithubDemoUITestsLaunchTests.swift; sourceTree = "<group>"; };
		DB83CCE7F63505F38902BA99 /* Pods-GithubDemoTests.debug.xcconfig */ = {isa = PBXFileReference; includeInIndex = 1; lastKnownFileType = text.xcconfig; name = "Pods-GithubDemoTests.debug.xcconfig"; path = "Target Support Files/Pods-GithubDemoTests/Pods-GithubDemoTests.debug.xcconfig"; sourceTree = "<group>"; };
/* End PBXFileReference section */

/* Begin PBXFrameworksBuildPhase section */
		D635506329110BE300C1A2FB /* Frameworks */ = {
			isa = PBXFrameworksBuildPhase;
			buildActionMask = 2147483647;
			files = (
				2413356790EE0C4285A5A00F /* Pods_GithubDemo.framework in Frameworks */,
			);
			runOnlyForDeploymentPostprocessing = 0;
		};
		D635507929110BE400C1A2FB /* Frameworks */ = {
			isa = PBXFrameworksBuildPhase;
			buildActionMask = 2147483647;
			files = (
				B3071E9C1B5C70F73312B1A9 /* Pods_GithubDemoTests.framework in Frameworks */,
			);
			runOnlyForDeploymentPostprocessing = 0;
		};
		D635508329110BE400C1A2FB /* Frameworks */ = {
			isa = PBXFrameworksBuildPhase;
			buildActionMask = 2147483647;
			files = (
				C96E7AAB2CFED22BEF9D1E82 /* Pods_GithubDemo_GithubDemoUITests.framework in Frameworks */,
			);
			runOnlyForDeploymentPostprocessing = 0;
		};
/* End PBXFrameworksBuildPhase section */

/* Begin PBXGroup section */
		B0A4FB1982DA6EFE5B976896 /* Pods */ = {
			isa = PBXGroup;
			children = (
				680737D0FAC79744E2162995 /* Pods-GithubDemo.debug.xcconfig */,
				454AFB473670F189AC293CC6 /* Pods-GithubDemo.release.xcconfig */,
				99B3E01FF3143D664D7E8D81 /* Pods-GithubDemo-GithubDemoUITests.debug.xcconfig */,
				04AD4EEB86CB9F975A7E6BD7 /* Pods-GithubDemo-GithubDemoUITests.release.xcconfig */,
				DB83CCE7F63505F38902BA99 /* Pods-GithubDemoTests.debug.xcconfig */,
				C0A9C973758585456CE5CC37 /* Pods-GithubDemoTests.release.xcconfig */,
			);
			name = Pods;
			path = Pods;
			sourceTree = "<group>";
		};
		C83D14E623094AB9859FA0A4 /* Frameworks */ = {
			isa = PBXGroup;
			children = (
				6CF8507CE08DC2C8BA8319CE /* Pods_GithubDemo.framework */,
				0CC9F6D8AA76F90EFCEA3709 /* Pods_GithubDemo_GithubDemoUITests.framework */,
				637D2806A6CD723170E84DB2 /* Pods_GithubDemoTests.framework */,
			);
			name = Frameworks;
			sourceTree = "<group>";
		};
		D635505D29110BE200C1A2FB = {
			isa = PBXGroup;
			children = (
				D635506829110BE300C1A2FB /* GithubDemo */,
				D635507F29110BE400C1A2FB /* GithubDemoTests */,
				D635508929110BE400C1A2FB /* GithubDemoUITests */,
				D635506729110BE300C1A2FB /* Products */,
				B0A4FB1982DA6EFE5B976896 /* Pods */,
				C83D14E623094AB9859FA0A4 /* Frameworks */,
			);
			sourceTree = "<group>";
		};
		D635506729110BE300C1A2FB /* Products */ = {
			isa = PBXGroup;
			children = (
				D635506629110BE300C1A2FB /* GithubDemo.app */,
				D635507C29110BE400C1A2FB /* GithubDemoTests.xctest */,
				D635508629110BE400C1A2FB /* GithubDemoUITests.xctest */,
			);
			name = Products;
			sourceTree = "<group>";
		};
		D635506829110BE300C1A2FB /* GithubDemo */ = {
			isa = PBXGroup;
			children = (
				D635506929110BE300C1A2FB /* AppDelegate.swift */,
				D635506B29110BE300C1A2FB /* SceneDelegate.swift */,
				D635506D29110BE300C1A2FB /* ViewController.swift */,
				D635506F29110BE300C1A2FB /* Main.storyboard */,
				D635507229110BE400C1A2FB /* Assets.xcassets */,
				D635507429110BE400C1A2FB /* LaunchScreen.storyboard */,
				D635507729110BE400C1A2FB /* Info.plist */,
			);
			path = GithubDemo;
			sourceTree = "<group>";
		};
		D635507F29110BE400C1A2FB /* GithubDemoTests */ = {
			isa = PBXGroup;
			children = (
				D635508029110BE400C1A2FB /* GithubDemoTests.swift */,
			);
			path = GithubDemoTests;
			sourceTree = "<group>";
		};
		D635508929110BE400C1A2FB /* GithubDemoUITests */ = {
			isa = PBXGroup;
			children = (
				D635508A29110BE400C1A2FB /* GithubDemoUITests.swift */,
				D635508C29110BE400C1A2FB /* GithubDemoUITestsLaunchTests.swift */,
			);
			path = GithubDemoUITests;
			sourceTree = "<group>";
		};
/* End PBXGroup section */

/* Begin PBXNativeTarget section */
		D635506529110BE300C1A2FB /* GithubDemo */ = {
			isa = PBXNativeTarget;
			buildConfigurationList = D635509029110BE400C1A2FB /* Build configuration list for PBXNativeTarget "GithubDemo" */;
			buildPhases = (
				17642A809058BC3615F5CF4F /* [CP] Check Pods Manifest.lock */,
				D635506229110BE300C1A2FB /* Sources */,
				D635506329110BE300C1A2FB /* Frameworks */,
				D635506429110BE300C1A2FB /* Resources */,
				74864D2FD3FD191B5B0126ED /* [CP] Embed Pods Frameworks */,
			);
			buildRules = (
			);
			dependencies = (
			);
			name = GithubDemo;
			productName = GithubDemo;
			productReference = D635506629110BE300C1A2FB /* GithubDemo.app */;
			productType = "com.apple.product-type.application";
		};
		D635507B29110BE400C1A2FB /* GithubDemoTests */ = {
			isa = PBXNativeTarget;
			buildConfigurationList = D635509329110BE400C1A2FB /* Build configuration list for PBXNativeTarget "GithubDemoTests" */;
			buildPhases = (
				BDA89A18709ECBD5B983B5CA /* [CP] Check Pods Manifest.lock */,
				D635507829110BE400C1A2FB /* Sources */,
				D635507929110BE400C1A2FB /* Frameworks */,
				D635507A29110BE400C1A2FB /* Resources */,
			);
			buildRules = (
			);
			dependencies = (
				D635507E29110BE400C1A2FB /* PBXTargetDependency */,
			);
			name = GithubDemoTests;
			productName = GithubDemoTests;
			productReference = D635507C29110BE400C1A2FB /* GithubDemoTests.xctest */;
			productType = "com.apple.product-type.bundle.unit-test";
		};
		D635508529110BE400C1A2FB /* GithubDemoUITests */ = {
			isa = PBXNativeTarget;
			buildConfigurationList = D635509629110BE400C1A2FB /* Build configuration list for PBXNativeTarget "GithubDemoUITests" */;
			buildPhases = (
				760A5E3FC9BCD40FE1809D83 /* [CP] Check Pods Manifest.lock */,
				D635508229110BE400C1A2FB /* Sources */,
				D635508329110BE400C1A2FB /* Frameworks */,
				D635508429110BE400C1A2FB /* Resources */,
				CB27F7B0E440B99C82E90221 /* [CP] Embed Pods Frameworks */,
			);
			buildRules = (
			);
			dependencies = (
				D635508829110BE400C1A2FB /* PBXTargetDependency */,
			);
			name = GithubDemoUITests;
			productName = GithubDemoUITests;
			productReference = D635508629110BE400C1A2FB /* GithubDemoUITests.xctest */;
			productType = "com.apple.product-type.bundle.ui-testing";
		};
/* End PBXNativeTarget section */

/* Begin PBXProject section */
		D635505E29110BE200C1A2FB /* Project object */ = {
			isa = PBXProject;
			attributes = {
				BuildIndependentTargetsInParallel = 1;
				LastSwiftUpdateCheck = 1320;
				LastUpgradeCheck = 1320;
				TargetAttributes = {
					D635506529110BE300C1A2FB = {
						CreatedOnToolsVersion = 13.2.1;
					};
					D635507B29110BE400C1A2FB = {
						CreatedOnToolsVersion = 13.2.1;
						TestTargetID = D635506529110BE300C1A2FB;
					};
					D635508529110BE400C1A2FB = {
						CreatedOnToolsVersion = 13.2.1;
						TestTargetID = D635506529110BE300C1A2FB;
					};
				};
			};
			buildConfigurationList = D635506129110BE200C1A2FB /* Build configuration list for PBXProject "GithubDemo" */;
			compatibilityVersion = "Xcode 13.0";
			developmentRegion = en;
			hasScannedForEncodings = 0;
			knownRegions = (
				en,
				Base,
			);
			mainGroup = D635505D29110BE200C1A2FB;
			productRefGroup = D635506729110BE300C1A2FB /* Products */;
			projectDirPath = "";
			projectRoot = "";
			targets = (
				D635506529110BE300C1A2FB /* GithubDemo */,
				D635507B29110BE400C1A2FB /* GithubDemoTests */,
				D635508529110BE400C1A2FB /* GithubDemoUITests */,
			);
		};
/* End PBXProject section */

/* Begin PBXResourcesBuildPhase section */
		D635506429110BE300C1A2FB /* Resources */ = {
			isa = PBXResourcesBuildPhase;
			buildActionMask = 2147483647;
			files = (
				D635507629110BE400C1A2FB /* LaunchScreen.storyboard in Resources */,
				D635507329110BE400C1A2FB /* Assets.xcassets in Resources */,
				D635507129110BE300C1A2FB /* Main.storyboard in Resources */,
			);
			runOnlyForDeploymentPostprocessing = 0;
		};
		D635507A29110BE400C1A2FB /* Resources */ = {
			isa = PBXResourcesBuildPhase;
			buildActionMask = 2147483647;
			files = (
			);
			runOnlyForDeploymentPostprocessing = 0;
		};
		D635508429110BE400C1A2FB /* Resources */ = {
			isa = PBXResourcesBuildPhase;
			buildActionMask = 2147483647;
			files = (
			);
			runOnlyForDeploymentPostprocessing = 0;
		};
/* End PBXResourcesBuildPhase section */

/* Begin PBXShellScriptBuildPhase section */
		17642A809058BC3615F5CF4F /* [CP] Check Pods Manifest.lock */ = {
			isa = PBXShellScriptBuildPhase;
			buildActionMask = 2147483647;
			files = (
			);
			inputFileListPaths = (
			);
			inputPaths = (
				"${PODS_PODFILE_DIR_PATH}/Podfile.lock",
				"${PODS_ROOT}/Manifest.lock",
			);
			name = "[CP] Check Pods Manifest.lock";
			outputFileListPaths = (
			);
			outputPaths = (
				"$(DERIVED_FILE_DIR)/Pods-GithubDemo-checkManifestLockResult.txt",
			);
			runOnlyForDeploymentPostprocessing = 0;
			shellPath = /bin/sh;
			shellScript = "diff \"${PODS_PODFILE_DIR_PATH}/Podfile.lock\" \"${PODS_ROOT}/Manifest.lock\" > /dev/null\nif [ $? != 0 ] ; then\n    # print error to STDERR\n    echo \"error: The sandbox is not in sync with the Podfile.lock. Run 'pod install' or update your CocoaPods installation.\" >&2\n    exit 1\nfi\n# This output is used by Xcode 'outputs' to avoid re-running this script phase.\necho \"SUCCESS\" > \"${SCRIPT_OUTPUT_FILE_0}\"\n";
			showEnvVarsInLog = 0;
		};
		74864D2FD3FD191B5B0126ED /* [CP] Embed Pods Frameworks */ = {
			isa = PBXShellScriptBuildPhase;
			buildActionMask = 2147483647;
			files = (
			);
			inputFileListPaths = (
				"${PODS_ROOT}/Target Support Files/Pods-GithubDemo/Pods-GithubDemo-frameworks-${CONFIGURATION}-input-files.xcfilelist",
			);
			name = "[CP] Embed Pods Frameworks";
			outputFileListPaths = (
				"${PODS_ROOT}/Target Support Files/Pods-GithubDemo/Pods-GithubDemo-frameworks-${CONFIGURATION}-output-files.xcfilelist",
			);
			runOnlyForDeploymentPostprocessing = 0;
			shellPath = /bin/sh;
			shellScript = "\"${PODS_ROOT}/Target Support Files/Pods-GithubDemo/Pods-GithubDemo-frameworks.sh\"\n";
			showEnvVarsInLog = 0;
		};
		760A5E3FC9BCD40FE1809D83 /* [CP] Check Pods Manifest.lock */ = {
			isa = PBXShellScriptBuildPhase;
			buildActionMask = 2147483647;
			files = (
			);
			inputFileListPaths = (
			);
			inputPaths = (
				"${PODS_PODFILE_DIR_PATH}/Podfile.lock",
				"${PODS_ROOT}/Manifest.lock",
			);
			name = "[CP] Check Pods Manifest.lock";
			outputFileListPaths = (
			);
			outputPaths = (
				"$(DERIVED_FILE_DIR)/Pods-GithubDemo-GithubDemoUITests-checkManifestLockResult.txt",
			);
			runOnlyForDeploymentPostprocessing = 0;
			shellPath = /bin/sh;
			shellScript = "diff \"${PODS_PODFILE_DIR_PATH}/Podfile.lock\" \"${PODS_ROOT}/Manifest.lock\" > /dev/null\nif [ $? != 0 ] ; then\n    # print error to STDERR\n    echo \"error: The sandbox is not in sync with the Podfile.lock. Run 'pod install' or update your CocoaPods installation.\" >&2\n    exit 1\nfi\n# This output is used by Xcode 'outputs' to avoid re-running this script phase.\necho \"SUCCESS\" > \"${SCRIPT_OUTPUT_FILE_0}\"\n";
			showEnvVarsInLog = 0;
		};
		BDA89A18709ECBD5B983B5CA /* [CP] Check Pods Manifest.lock */ = {
			isa = PBXShellScriptBuildPhase;
			buildActionMask = 2147483647;
			files = (
			);
			inputFileListPaths = (
			);
			inputPaths = (
				"${PODS_PODFILE_DIR_PATH}/Podfile.lock",
				"${PODS_ROOT}/Manifest.lock",
			);
			name = "[CP] Check Pods Manifest.lock";
			outputFileListPaths = (
			);
			outputPaths = (
				"$(DERIVED_FILE_DIR)/Pods-GithubDemoTests-checkManifestLockResult.txt",
			);
			runOnlyForDeploymentPostprocessing = 0;
			shellPath = /bin/sh;
			shellScript = "diff \"${PODS_PODFILE_DIR_PATH}/Podfile.lock\" \"${PODS_ROOT}/Manifest.lock\" > /dev/null\nif [ $? != 0 ] ; then\n    # print error to STDERR\n    echo \"error: The sandbox is not in sync with the Podfile.lock. Run 'pod install' or update your CocoaPods installation.\" >&2\n    exit 1\nfi\n# This output is used by Xcode 'outputs' to avoid re-running this script phase.\necho \"SUCCESS\" > \"${SCRIPT_OUTPUT_FILE_0}\"\n";
			showEnvVarsInLog = 0;
		};
		CB27F7B0E440B99C82E90221 /* [CP] Embed Pods Frameworks */ = {
			isa = PBXShellScriptBuildPhase;
			buildActionMask = 2147483647;
			files = (
			);
			inputFileListPaths = (
				"${PODS_ROOT}/Target Support Files/Pods-GithubDemo-GithubDemoUITests/Pods-GithubDemo-GithubDemoUITests-frameworks-${CONFIGURATION}-input-files.xcfilelist",
			);
			name = "[CP] Embed Pods Frameworks";
			outputFileListPaths = (
				"${PODS_ROOT}/Target Support Files/Pods-GithubDemo-GithubDemoUITests/Pods-GithubDemo-GithubDemoUITests-frameworks-${CONFIGURATION}-output-files.xcfilelist",
			);
			runOnlyForDeploymentPostprocessing = 0;
			shellPath = /bin/sh;
			shellScript = "\"${PODS_ROOT}/Target Support Files/Pods-GithubDemo-GithubDemoUITests/Pods-GithubDemo-GithubDemoUITests-frameworks.sh\"\n";
			showEnvVarsInLog = 0;
		};
/* End PBXShellScriptBuildPhase section */

/* Begin PBXSourcesBuildPhase section */
		D635506229110BE300C1A2FB /* Sources */ = {
			isa = PBXSourcesBuildPhase;
			buildActionMask = 2147483647;
			files = (
				D635506E29110BE300C1A2FB /* ViewController.swift in Sources */,
				D635506A29110BE300C1A2FB /* AppDelegate.swift in Sources */,
				D635506C29110BE300C1A2FB /* SceneDelegate.swift in Sources */,
			);
			runOnlyForDeploymentPostprocessing = 0;
		};
		D635507829110BE400C1A2FB /* Sources */ = {
			isa = PBXSourcesBuildPhase;
			buildActionMask = 2147483647;
			files = (
				D635508129110BE400C1A2FB /* GithubDemoTests.swift in Sources */,
			);
			runOnlyForDeploymentPostprocessing = 0;
		};
		D635508229110BE400C1A2FB /* Sources */ = {
			isa = PBXSourcesBuildPhase;
			buildActionMask = 2147483647;
			files = (
				D635508D29110BE400C1A2FB /* GithubDemoUITestsLaunchTests.swift in Sources */,
				D635508B29110BE400C1A2FB /* GithubDemoUITests.swift in Sources */,
			);
			runOnlyForDeploymentPostprocessing = 0;
		};
/* End PBXSourcesBuildPhase section */

/* Begin PBXTargetDependency section */
		D635507E29110BE400C1A2FB /* PBXTargetDependency */ = {
			isa = PBXTargetDependency;
			target = D635506529110BE300C1A2FB /* GithubDemo */;
			targetProxy = D635507D29110BE400C1A2FB /* PBXContainerItemProxy */;
		};
		D635508829110BE400C1A2FB /* PBXTargetDependency */ = {
			isa = PBXTargetDependency;
			target = D635506529110BE300C1A2FB /* GithubDemo */;
			targetProxy = D635508729110BE400C1A2FB /* PBXContainerItemProxy */;
		};
/* End PBXTargetDependency section */

/* Begin PBXVariantGroup section */
		D635506F29110BE300C1A2FB /* Main.storyboard */ = {
			isa = PBXVariantGroup;
			children = (
				D635507029110BE300C1A2FB /* Base */,
			);
			name = Main.storyboard;
			sourceTree = "<group>";
		};
		D635507429110BE400C1A2FB /* LaunchScreen.storyboard */ = {
			isa = PBXVariantGroup;
			children = (
				D635507529110BE400C1A2FB /* Base */,
			);
			name = LaunchScreen.storyboard;
			sourceTree = "<group>";
		};
/* End PBXVariantGroup section */

/* Begin XCBuildConfiguration section */
		D635508E29110BE400C1A2FB /* Debug */ = {
			isa = XCBuildConfiguration;
			buildSettings = {
				ALWAYS_SEARCH_USER_PATHS = NO;
				CLANG_ANALYZER_NONNULL = YES;
				CLANG_ANALYZER_NUMBER_OBJECT_CONVERSION = YES_AGGRESSIVE;
				CLANG_CXX_LANGUAGE_STANDARD = "gnu++17";
				CLANG_CXX_LIBRARY = "libc++";
				CLANG_ENABLE_MODULES = YES;
				CLANG_ENABLE_OBJC_ARC = YES;
				CLANG_ENABLE_OBJC_WEAK = YES;
				CLANG_WARN_BLOCK_CAPTURE_AUTORELEASING = YES;
				CLANG_WARN_BOOL_CONVERSION = YES;
				CLANG_WARN_COMMA = YES;
				CLANG_WARN_CONSTANT_CONVERSION = YES;
				CLANG_WARN_DEPRECATED_OBJC_IMPLEMENTATIONS = YES;
				CLANG_WARN_DIRECT_OBJC_ISA_USAGE = YES_ERROR;
				CLANG_WARN_DOCUMENTATION_COMMENTS = YES;
				CLANG_WARN_EMPTY_BODY = YES;
				CLANG_WARN_ENUM_CONVERSION = YES;
				CLANG_WARN_INFINITE_RECURSION = YES;
				CLANG_WARN_INT_CONVERSION = YES;
				CLANG_WARN_NON_LITERAL_NULL_CONVERSION = YES;
				CLANG_WARN_OBJC_IMPLICIT_RETAIN_SELF = YES;
				CLANG_WARN_OBJC_LITERAL_CONVERSION = YES;
				CLANG_WARN_OBJC_ROOT_CLASS = YES_ERROR;
				CLANG_WARN_QUOTED_INCLUDE_IN_FRAMEWORK_HEADER = YES;
				CLANG_WARN_RANGE_LOOP_ANALYSIS = YES;
				CLANG_WARN_STRICT_PROTOTYPES = YES;
				CLANG_WARN_SUSPICIOUS_MOVE = YES;
				CLANG_WARN_UNGUARDED_AVAILABILITY = YES_AGGRESSIVE;
				CLANG_WARN_UNREACHABLE_CODE = YES;
				CLANG_WARN__DUPLICATE_METHOD_MATCH = YES;
				COPY_PHASE_STRIP = NO;
				DEBUG_INFORMATION_FORMAT = dwarf;
				ENABLE_STRICT_OBJC_MSGSEND = YES;
				ENABLE_TESTABILITY = YES;
				GCC_C_LANGUAGE_STANDARD = gnu11;
				GCC_DYNAMIC_NO_PIC = NO;
				GCC_NO_COMMON_BLOCKS = YES;
				GCC_OPTIMIZATION_LEVEL = 0;
				GCC_PREPROCESSOR_DEFINITIONS = (
					"DEBUG=1",
					"$(inherited)",
				);
				GCC_WARN_64_TO_32_BIT_CONVERSION = YES;
				GCC_WARN_ABOUT_RETURN_TYPE = YES_ERROR;
				GCC_WARN_UNDECLARED_SELECTOR = YES;
				GCC_WARN_UNINITIALIZED_AUTOS = YES_AGGRESSIVE;
				GCC_WARN_UNUSED_FUNCTION = YES;
				GCC_WARN_UNUSED_VARIABLE = YES;
				IPHONEOS_DEPLOYMENT_TARGET = 15.2;
				MTL_ENABLE_DEBUG_INFO = INCLUDE_SOURCE;
				MTL_FAST_MATH = YES;
				ONLY_ACTIVE_ARCH = YES;
				SDKROOT = iphoneos;
				SWIFT_ACTIVE_COMPILATION_CONDITIONS = DEBUG;
				SWIFT_OPTIMIZATION_LEVEL = "-Onone";
			};
			name = Debug;
		};
		D635508F29110BE400C1A2FB /* Release */ = {
			isa = XCBuildConfiguration;
			buildSettings = {
				ALWAYS_SEARCH_USER_PATHS = NO;
				CLANG_ANALYZER_NONNULL = YES;
				CLANG_ANALYZER_NUMBER_OBJECT_CONVERSION = YES_AGGRESSIVE;
				CLANG_CXX_LANGUAGE_STANDARD = "gnu++17";
				CLANG_CXX_LIBRARY = "libc++";
				CLANG_ENABLE_MODULES = YES;
				CLANG_ENABLE_OBJC_ARC = YES;
				CLANG_ENABLE_OBJC_WEAK = YES;
				CLANG_WARN_BLOCK_CAPTURE_AUTORELEASING = YES;
				CLANG_WARN_BOOL_CONVERSION = YES;
				CLANG_WARN_COMMA = YES;
				CLANG_WARN_CONSTANT_CONVERSION = YES;
				CLANG_WARN_DEPRECATED_OBJC_IMPLEMENTATIONS = YES;
				CLANG_WARN_DIRECT_OBJC_ISA_USAGE = YES_ERROR;
				CLANG_WARN_DOCUMENTATION_COMMENTS = YES;
				CLANG_WARN_EMPTY_BODY = YES;
				CLANG_WARN_ENUM_CONVERSION = YES;
				CLANG_WARN_INFINITE_RECURSION = YES;
				CLANG_WARN_INT_CONVERSION = YES;
				CLANG_WARN_NON_LITERAL_NULL_CONVERSION = YES;
				CLANG_WARN_OBJC_IMPLICIT_RETAIN_SELF = YES;
				CLANG_WARN_OBJC_LITERAL_CONVERSION = YES;
				CLANG_WARN_OBJC_ROOT_CLASS = YES_ERROR;
				CLANG_WARN_QUOTED_INCLUDE_IN_FRAMEWORK_HEADER = YES;
				CLANG_WARN_RANGE_LOOP_ANALYSIS = YES;
				CLANG_WARN_STRICT_PROTOTYPES = YES;
				CLANG_WARN_SUSPICIOUS_MOVE = YES;
				CLANG_WARN_UNGUARDED_AVAILABILITY = YES_AGGRESSIVE;
				CLANG_WARN_UNREACHABLE_CODE = YES;
				CLANG_WARN__DUPLICATE_METHOD_MATCH = YES;
				COPY_PHASE_STRIP = NO;
				DEBUG_INFORMATION_FORMAT = "dwarf-with-dsym";
				ENABLE_NS_ASSERTIONS = NO;
				ENABLE_STRICT_OBJC_MSGSEND = YES;
				GCC_C_LANGUAGE_STANDARD = gnu11;
				GCC_NO_COMMON_BLOCKS = YES;
				GCC_WARN_64_TO_32_BIT_CONVERSION = YES;
				GCC_WARN_ABOUT_RETURN_TYPE = YES_ERROR;
				GCC_WARN_UNDECLARED_SELECTOR = YES;
				GCC_WARN_UNINITIALIZED_AUTOS = YES_AGGRESSIVE;
				GCC_WARN_UNUSED_FUNCTION = YES;
				GCC_WARN_UNUSED_VARIABLE = YES;
				IPHONEOS_DEPLOYMENT_TARGET = 15.2;
				MTL_ENABLE_DEBUG_INFO = NO;
				MTL_FAST_MATH = YES;
				SDKROOT = iphoneos;
				SWIFT_COMPILATION_MODE = wholemodule;
				SWIFT_OPTIMIZATION_LEVEL = "-O";
				VALIDATE_PRODUCT = YES;
			};
			name = Release;
		};
		D635509129110BE400C1A2FB /* Debug */ = {
			isa = XCBuildConfiguration;
			baseConfigurationReference = 680737D0FAC79744E2162995 /* Pods-GithubDemo.debug.xcconfig */;
			buildSettings = {
				ASSETCATALOG_COMPILER_APPICON_NAME = AppIcon;
				ASSETCATALOG_COMPILER_GLOBAL_ACCENT_COLOR_NAME = AccentColor;
				CODE_SIGN_STYLE = Automatic;
				CURRENT_PROJECT_VERSION = 1;
				GENERATE_INFOPLIST_FILE = YES;
				INFOPLIST_FILE = GithubDemo/Info.plist;
				INFOPLIST_KEY_UIApplicationSupportsIndirectInputEvents = YES;
				INFOPLIST_KEY_UILaunchStoryboardName = LaunchScreen;
				INFOPLIST_KEY_UIMainStoryboardFile = Main;
				INFOPLIST_KEY_UISupportedInterfaceOrientations_iPad = "UIInterfaceOrientationPortrait UIInterfaceOrientationPortraitUpsideDown UIInterfaceOrientationLandscapeLeft UIInterfaceOrientationLandscapeRight";
				INFOPLIST_KEY_UISupportedInterfaceOrientations_iPhone = "UIInterfaceOrientationPortrait UIInterfaceOrientationLandscapeLeft UIInterfaceOrientationLandscapeRight";
				LD_RUNPATH_SEARCH_PATHS = (
					"$(inherited)",
					"@executable_path/Frameworks",
				);
				MARKETING_VERSION = 1.0;
				PRODUCT_BUNDLE_IDENTIFIER = com.deepak.GithubDemo;
				PRODUCT_NAME = "$(TARGET_NAME)";
				SWIFT_EMIT_LOC_STRINGS = YES;
				SWIFT_VERSION = 5.0;
				TARGETED_DEVICE_FAMILY = "1,2";
			};
			name = Debug;
		};
		D635509229110BE400C1A2FB /* Release */ = {
			isa = XCBuildConfiguration;
			baseConfigurationReference = 454AFB473670F189AC293CC6 /* Pods-GithubDemo.release.xcconfig */;
			buildSettings = {
				ASSETCATALOG_COMPILER_APPICON_NAME = AppIcon;
				ASSETCATALOG_COMPILER_GLOBAL_ACCENT_COLOR_NAME = AccentColor;
				CODE_SIGN_STYLE = Automatic;
				CURRENT_PROJECT_VERSION = 1;
				GENERATE_INFOPLIST_FILE = YES;
				INFOPLIST_FILE = GithubDemo/Info.plist;
				INFOPLIST_KEY_UIApplicationSupportsIndirectInputEvents = YES;
				INFOPLIST_KEY_UILaunchStoryboardName = LaunchScreen;
				INFOPLIST_KEY_UIMainStoryboardFile = Main;
				INFOPLIST_KEY_UISupportedInterfaceOrientations_iPad = "UIInterfaceOrientationPortrait UIInterfaceOrientationPortraitUpsideDown UIInterfaceOrientationLandscapeLeft UIInterfaceOrientationLandscapeRight";
				INFOPLIST_KEY_UISupportedInterfaceOrientations_iPhone = "UIInterfaceOrientationPortrait UIInterfaceOrientationLandscapeLeft UIInterfaceOrientationLandscapeRight";
				LD_RUNPATH_SEARCH_PATHS = (
					"$(inherited)",
					"@executable_path/Frameworks",
				);
				MARKETING_VERSION = 1.0;
				PRODUCT_BUNDLE_IDENTIFIER = com.deepak.GithubDemo;
				PRODUCT_NAME = "$(TARGET_NAME)";
				SWIFT_EMIT_LOC_STRINGS = YES;
				SWIFT_VERSION = 5.0;
				TARGETED_DEVICE_FAMILY = "1,2";
			};
			name = Release;
		};
		D635509429110BE400C1A2FB /* Debug */ = {
			isa = XCBuildConfiguration;
			baseConfigurationReference = DB83CCE7F63505F38902BA99 /* Pods-GithubDemoTests.debug.xcconfig */;
			buildSettings = {
				ALWAYS_EMBED_SWIFT_STANDARD_LIBRARIES = YES;
				BUNDLE_LOADER = "$(TEST_HOST)";
				CODE_SIGN_STYLE = Automatic;
				CURRENT_PROJECT_VERSION = 1;
				GENERATE_INFOPLIST_FILE = YES;
				IPHONEOS_DEPLOYMENT_TARGET = 15.2;
				MARKETING_VERSION = 1.0;
				PRODUCT_BUNDLE_IDENTIFIER = com.deepak.GithubDemoTests;
				PRODUCT_NAME = "$(TARGET_NAME)";
				SWIFT_EMIT_LOC_STRINGS = NO;
				SWIFT_VERSION = 5.0;
				TARGETED_DEVICE_FAMILY = "1,2";
				TEST_HOST = "$(BUILT_PRODUCTS_DIR)/GithubDemo.app/GithubDemo";
			};
			name = Debug;
		};
		D635509529110BE400C1A2FB /* Release */ = {
			isa = XCBuildConfiguration;
			baseConfigurationReference = C0A9C973758585456CE5CC37 /* Pods-GithubDemoTests.release.xcconfig */;
			buildSettings = {
				ALWAYS_EMBED_SWIFT_STANDARD_LIBRARIES = YES;
				BUNDLE_LOADER = "$(TEST_HOST)";
				CODE_SIGN_STYLE = Automatic;
				CURRENT_PROJECT_VERSION = 1;
				GENERATE_INFOPLIST_FILE = YES;
				IPHONEOS_DEPLOYMENT_TARGET = 15.2;
				MARKETING_VERSION = 1.0;
				PRODUCT_BUNDLE_IDENTIFIER = com.deepak.GithubDemoTests;
				PRODUCT_NAME = "$(TARGET_NAME)";
				SWIFT_EMIT_LOC_STRINGS = NO;
				SWIFT_VERSION = 5.0;
				TARGETED_DEVICE_FAMILY = "1,2";
				TEST_HOST = "$(BUILT_PRODUCTS_DIR)/GithubDemo.app/GithubDemo";
			};
			name = Release;
		};
		D635509729110BE400C1A2FB /* Debug */ = {
			isa = XCBuildConfiguration;
			baseConfigurationReference = 99B3E01FF3143D664D7E8D81 /* Pods-GithubDemo-GithubDemoUITests.debug.xcconfig */;
			buildSettings = {
				ALWAYS_EMBED_SWIFT_STANDARD_LIBRARIES = YES;
				CODE_SIGN_STYLE = Automatic;
				CURRENT_PROJECT_VERSION = 1;
				GENERATE_INFOPLIST_FILE = YES;
				MARKETING_VERSION = 1.0;
				PRODUCT_BUNDLE_IDENTIFIER = com.deepak.GithubDemoUITests;
				PRODUCT_NAME = "$(TARGET_NAME)";
				SWIFT_EMIT_LOC_STRINGS = NO;
				SWIFT_VERSION = 5.0;
				TARGETED_DEVICE_FAMILY = "1,2";
				TEST_TARGET_NAME = GithubDemo;
			};
			name = Debug;
		};
		D635509829110BE400C1A2FB /* Release */ = {
			isa = XCBuildConfiguration;
			baseConfigurationReference = 04AD4EEB86CB9F975A7E6BD7 /* Pods-GithubDemo-GithubDemoUITests.release.xcconfig */;
			buildSettings = {
				ALWAYS_EMBED_SWIFT_STANDARD_LIBRARIES = YES;
				CODE_SIGN_STYLE = Automatic;
				CURRENT_PROJECT_VERSION = 1;
				GENERATE_INFOPLIST_FILE = YES;
				MARKETING_VERSION = 1.0;
				PRODUCT_BUNDLE_IDENTIFIER = com.deepak.GithubDemoUITests;
				PRODUCT_NAME = "$(TARGET_NAME)";
				SWIFT_EMIT_LOC_STRINGS = NO;
				SWIFT_VERSION = 5.0;
				TARGETED_DEVICE_FAMILY = "1,2";
				TEST_TARGET_NAME = GithubDemo;
			};
			name = Release;
		};
/* End XCBuildConfiguration section */

/* Begin XCConfigurationList section */
		D635506129110BE200C1A2FB /* Build configuration list for PBXProject "GithubDemo" */ = {
			isa = XCConfigurationList;
			buildConfigurations = (
				D635508E29110BE400C1A2FB /* Debug */,
				D635508F29110BE400C1A2FB /* Release */,
			);
			defaultConfigurationIsVisible = 0;
			defaultConfigurationName = Release;
		};
		D635509029110BE400C1A2FB /* Build configuration list for PBXNativeTarget "GithubDemo" */ = {
			isa = XCConfigurationList;
			buildConfigurations = (
				D635509129110BE400C1A2FB /* Debug */,
				D635509229110BE400C1A2FB /* Release */,
			);
			defaultConfigurationIsVisible = 0;
			defaultConfigurationName = Release;
		};
		D635509329110BE400C1A2FB /* Build configuration list for PBXNativeTarget "GithubDemoTests" */ = {
			isa = XCConfigurationList;
			buildConfigurations = (
				D635509429110BE400C1A2FB /* Debug */,
				D635509529110BE400C1A2FB /* Release */,
			);
			defaultConfigurationIsVisible = 0;
			defaultConfigurationName = Release;
		};
		D635509629110BE400C1A2FB /* Build configuration list for PBXNativeTarget "GithubDemoUITests" */ = {
			isa = XCConfigurationList;
			buildConfigurations = (
				D635509729110BE400C1A2FB /* Debug */,
				D635509829110BE400C1A2FB /* Release */,
			);
			defaultConfigurationIsVisible = 0;
			defaultConfigurationName = Release;
		};
/* End XCConfigurationList section */
	};
	rootObject = D635505E29110BE200C1A2FB /* Project object */;
}
